
Microsoft Visual Studio Solution File, Format Version 12.00
# Visual Studio 15
VisualStudioVersion = 15.0.28307.779
MinimumVisualStudioVersion = 10.0.40219.1
Project("{FAE04EC0-301F-11D3-BF4B-00C04F79EFBC}") = "Lab1_ASP.NET_jccummin_SN0883640", "Lab1_ASP.NET_jccummin_SN0883640\Lab1_ASP.NET_jccummin_SN0883640.csproj", "{8AC766CB-6BD4-48F2-9283-092D876ED09A}"
EndProject
Global
	GlobalSection(SolutionConfigurationPlatforms) = preSolution
		Debug|Any CPU = Debug|Any CPU
		Release|Any CPU = Release|Any CPU
	EndGlobalSection
	GlobalSection(ProjectConfigurationPlatforms) = postSolution
		{8AC766CB-6BD4-48F2-9283-092D876ED09A}.Debug|Any CPU.ActiveCfg = Debug|Any CPU
		{8AC766CB-6BD4-48F2-9283-092D876ED09A}.Debug|Any CPU.Build.0 = Debug|Any CPU
		{8AC766CB-6BD4-48F2-9283-092D876ED09A}.Release|Any CPU.ActiveCfg = Release|Any CPU
		{8AC766CB-6BD4-48F2-9283-092D876ED09A}.Release|Any CPU.Build.0 = Release|Any CPU
	EndGlobalSection
	GlobalSection(SolutionProperties) = preSolution
		HideSolutionNode = FALSE
	EndGlobalSection
	GlobalSection(ExtensibilityGlobals) = postSolution
		SolutionGuid = {B74E5FD7-9659-4EDE-A563-5181E6496E59}
	EndGlobalSection
EndGlobal
